// !$*UTF8*$!
{
	archiveVersion = 1;
	classes = {
	};
	objectVersion = 46;
	objects = {

/* Begin PBXBuildFile section */
		8B07A1101DD9CCF000E0EB36 /* PrettyWeatherActivityIndicatorView.swift in Sources */ = {isa = PBXBuildFile; fileRef = 8B07A10F1DD9CCF000E0EB36 /* PrettyWeatherActivityIndicatorView.swift */; };
		8B100E1B1DD08E3600E1D980 /* CurrentWeatherViewIcon.swift in Sources */ = {isa = PBXBuildFile; fileRef = 8B100E1A1DD08E3600E1D980 /* CurrentWeatherViewIcon.swift */; };
		8B4840561DBE442500B96BFD /* WeatherHourForecastView.swift in Sources */ = {isa = PBXBuildFile; fileRef = 8B4840551DBE442500B96BFD /* WeatherHourForecastView.swift */; };
		8B69B5201DD3BDF7007BEBDB /* ForecastUpdateView.swift in Sources */ = {isa = PBXBuildFile; fileRef = 8B69B51F1DD3BDF7007BEBDB /* ForecastUpdateView.swift */; };
		8B7A7DBB1DBE118600B9295B /* WeatherHourlyForcastView.swift in Sources */ = {isa = PBXBuildFile; fileRef = 8B7A7DBA1DBE118600B9295B /* WeatherHourlyForcastView.swift */; };
		8B7A7DBD1DBE11F000B9295B /* WeatherDaysForcastView.swift in Sources */ = {isa = PBXBuildFile; fileRef = 8B7A7DBC1DBE11F000B9295B /* WeatherDaysForcastView.swift */; };
		8B9C95C51DCCA6FB000A5457 /* CurrentWeatherViewBody.swift in Sources */ = {isa = PBXBuildFile; fileRef = 8B9C95C41DCCA6FB000A5457 /* CurrentWeatherViewBody.swift */; };
		8B9C95C71DCCA893000A5457 /* CurrentWeatherViewFooter.swift in Sources */ = {isa = PBXBuildFile; fileRef = 8B9C95C61DCCA893000A5457 /* CurrentWeatherViewFooter.swift */; };
		8BB068B21DBA332C0008ED5E /* AppDelegate.swift in Sources */ = {isa = PBXBuildFile; fileRef = 8BB068B11DBA332C0008ED5E /* AppDelegate.swift */; };
		8BB068B41DBA332C0008ED5E /* ViewController.swift in Sources */ = {isa = PBXBuildFile; fileRef = 8BB068B31DBA332C0008ED5E /* ViewController.swift */; };
		8BB068B71DBA332C0008ED5E /* Main.storyboard in Resources */ = {isa = PBXBuildFile; fileRef = 8BB068B51DBA332C0008ED5E /* Main.storyboard */; };
		8BB068BA1DBA332C0008ED5E /* PrettyWeather.xcdatamodeld in Sources */ = {isa = PBXBuildFile; fileRef = 8BB068B81DBA332C0008ED5E /* PrettyWeather.xcdatamodeld */; };
		8BB068BC1DBA332C0008ED5E /* Assets.xcassets in Resources */ = {isa = PBXBuildFile; fileRef = 8BB068BB1DBA332C0008ED5E /* Assets.xcassets */; };
		8BB068BF1DBA332C0008ED5E /* LaunchScreen.storyboard in Resources */ = {isa = PBXBuildFile; fileRef = 8BB068BD1DBA332C0008ED5E /* LaunchScreen.storyboard */; };
		8BB068CA1DBA332C0008ED5E /* PrettyWeatherTests.swift in Sources */ = {isa = PBXBuildFile; fileRef = 8BB068C91DBA332C0008ED5E /* PrettyWeatherTests.swift */; };
		8BB068D51DBA33F50008ED5E /* PrettyWeatherViewController.swift in Sources */ = {isa = PBXBuildFile; fileRef = 8BB068D41DBA33F50008ED5E /* PrettyWeatherViewController.swift */; };
		8BCF7EEA1DC0BBE0009978F5 /* WeatherDatastore.swift in Sources */ = {isa = PBXBuildFile; fileRef = 8BCF7EE91DC0BBE0009978F5 /* WeatherDatastore.swift */; };
		8BDEC17C1DBE9D5900068188 /* WeatherDayForecastView.swift in Sources */ = {isa = PBXBuildFile; fileRef = 8BDEC17B1DBE9D5900068188 /* WeatherDayForecastView.swift */; };
		8BE3E27D1DBE012700045C95 /* CurrentWeatherViewHeader.swift in Sources */ = {isa = PBXBuildFile; fileRef = 8BE3E27C1DBE012700045C95 /* CurrentWeatherViewHeader.swift */; };
		8BE9605E1DBF44F30064153F /* FlickrDatastore.swift in Sources */ = {isa = PBXBuildFile; fileRef = 8BE9605D1DBF44F30064153F /* FlickrDatastore.swift */; };
		8BECEE411DBFF44A00F31A43 /* LocationDatastore.swift in Sources */ = {isa = PBXBuildFile; fileRef = 8BECEE401DBFF44A00F31A43 /* LocationDatastore.swift */; };
		8BEE9E9B1DC0AEB0009094D0 /* WeatherCondition.swift in Sources */ = {isa = PBXBuildFile; fileRef = 8BEE9E9A1DC0AEB0009094D0 /* WeatherCondition.swift */; };
		99545AF6D775D6FEFBD4ECF4 /* Pods_PrettyWeather.framework in Frameworks */ = {isa = PBXBuildFile; fileRef = 00F230FC103162473B5F9D68 /* Pods_PrettyWeather.framework */; };
/* End PBXBuildFile section */

/* Begin PBXContainerItemProxy section */
		8BB068C61DBA332C0008ED5E /* PBXContainerItemProxy */ = {
			isa = PBXContainerItemProxy;
			containerPortal = 8BB068A61DBA332C0008ED5E /* Project object */;
			proxyType = 1;
			remoteGlobalIDString = 8BB068AD1DBA332C0008ED5E;
			remoteInfo = PrettyWeather;
		};
/* End PBXContainerItemProxy section */

/* Begin PBXFileReference section */
		00F230FC103162473B5F9D68 /* Pods_PrettyWeather.framework */ = {isa = PBXFileReference; explicitFileType = wrapper.framework; includeInIndex = 0; path = Pods_PrettyWeather.framework; sourceTree = BUILT_PRODUCTS_DIR; };
		60548ABA08B8CBAB89216E60 /* Pods-PrettyWeather.release.xcconfig */ = {isa = PBXFileReference; includeInIndex = 1; lastKnownFileType = text.xcconfig; name = "Pods-PrettyWeather.release.xcconfig"; path = "Pods/Target Support Files/Pods-PrettyWeather/Pods-PrettyWeather.release.xcconfig"; sourceTree = "<group>"; };
		852164004CBC424CF9A62B91 /* Pods-PrettyWeather.debug.xcconfig */ = {isa = PBXFileReference; includeInIndex = 1; lastKnownFileType = text.xcconfig; name = "Pods-PrettyWeather.debug.xcconfig"; path = "Pods/Target Support Files/Pods-PrettyWeather/Pods-PrettyWeather.debug.xcconfig"; sourceTree = "<group>"; };
		8B07A10F1DD9CCF000E0EB36 /* PrettyWeatherActivityIndicatorView.swift */ = {isa = PBXFileReference; fileEncoding = 4; lastKnownFileType = sourcecode.swift; path = PrettyWeatherActivityIndicatorView.swift; sourceTree = "<group>"; };
		8B100E1A1DD08E3600E1D980 /* CurrentWeatherViewIcon.swift */ = {isa = PBXFileReference; fileEncoding = 4; lastKnownFileType = sourcecode.swift; path = CurrentWeatherViewIcon.swift; sourceTree = "<group>"; };
		8B4840551DBE442500B96BFD /* WeatherHourForecastView.swift */ = {isa = PBXFileReference; fileEncoding = 4; lastKnownFileType = sourcecode.swift; path = WeatherHourForecastView.swift; sourceTree = "<group>"; };
		8B69B51F1DD3BDF7007BEBDB /* ForecastUpdateView.swift */ = {isa = PBXFileReference; fileEncoding = 4; lastKnownFileType = sourcecode.swift; path = ForecastUpdateView.swift; sourceTree = "<group>"; };
		8B7A7DBA1DBE118600B9295B /* WeatherHourlyForcastView.swift */ = {isa = PBXFileReference; fileEncoding = 4; lastKnownFileType = sourcecode.swift; path = WeatherHourlyForcastView.swift; sourceTree = "<group>"; };
		8B7A7DBC1DBE11F000B9295B /* WeatherDaysForcastView.swift */ = {isa = PBXFileReference; fileEncoding = 4; lastKnownFileType = sourcecode.swift; path = WeatherDaysForcastView.swift; sourceTree = "<group>"; };
		8B9C95C41DCCA6FB000A5457 /* CurrentWeatherViewBody.swift */ = {isa = PBXFileReference; fileEncoding = 4; lastKnownFileType = sourcecode.swift; path = CurrentWeatherViewBody.swift; sourceTree = "<group>"; };
		8B9C95C61DCCA893000A5457 /* CurrentWeatherViewFooter.swift */ = {isa = PBXFileReference; fileEncoding = 4; lastKnownFileType = sourcecode.swift; path = CurrentWeatherViewFooter.swift; sourceTree = "<group>"; };
		8BB068AE1DBA332C0008ED5E /* PrettyWeather.app */ = {isa = PBXFileReference; explicitFileType = wrapper.application; includeInIndex = 0; path = PrettyWeather.app; sourceTree = BUILT_PRODUCTS_DIR; };
		8BB068B11DBA332C0008ED5E /* AppDelegate.swift */ = {isa = PBXFileReference; lastKnownFileType = sourcecode.swift; path = AppDelegate.swift; sourceTree = "<group>"; };
		8BB068B31DBA332C0008ED5E /* ViewController.swift */ = {isa = PBXFileReference; lastKnownFileType = sourcecode.swift; path = ViewController.swift; sourceTree = "<group>"; };
		8BB068B61DBA332C0008ED5E /* Base */ = {isa = PBXFileReference; lastKnownFileType = file.storyboard; name = Base; path = Base.lproj/Main.storyboard; sourceTree = "<group>"; };
		8BB068B91DBA332C0008ED5E /* PrettyWeather.xcdatamodel */ = {isa = PBXFileReference; lastKnownFileType = wrapper.xcdatamodel; path = PrettyWeather.xcdatamodel; sourceTree = "<group>"; };
		8BB068BB1DBA332C0008ED5E /* Assets.xcassets */ = {isa = PBXFileReference; lastKnownFileType = folder.assetcatalog; path = Assets.xcassets; sourceTree = "<group>"; };
		8BB068BE1DBA332C0008ED5E /* Base */ = {isa = PBXFileReference; lastKnownFileType = file.storyboard; name = Base; path = Base.lproj/LaunchScreen.storyboard; sourceTree = "<group>"; };
		8BB068C01DBA332C0008ED5E /* Info.plist */ = {isa = PBXFileReference; lastKnownFileType = text.plist.xml; path = Info.plist; sourceTree = "<group>"; };
		8BB068C51DBA332C0008ED5E /* PrettyWeatherTests.xctest */ = {isa = PBXFileReference; explicitFileType = wrapper.cfbundle; includeInIndex = 0; path = PrettyWeatherTests.xctest; sourceTree = BUILT_PRODUCTS_DIR; };
		8BB068C91DBA332C0008ED5E /* PrettyWeatherTests.swift */ = {isa = PBXFileReference; lastKnownFileType = sourcecode.swift; path = PrettyWeatherTests.swift; sourceTree = "<group>"; };
		8BB068CB1DBA332C0008ED5E /* Info.plist */ = {isa = PBXFileReference; lastKnownFileType = text.plist.xml; path = Info.plist; sourceTree = "<group>"; };
		8BB068D41DBA33F50008ED5E /* PrettyWeatherViewController.swift */ = {isa = PBXFileReference; fileEncoding = 4; lastKnownFileType = sourcecode.swift; path = PrettyWeatherViewController.swift; sourceTree = "<group>"; };
		8BBAD5EC1DBA3C2000ED4614 /* Cartography.framework */ = {isa = PBXFileReference; lastKnownFileType = wrapper.framework; name = Cartography.framework; path = "Pods/../build/Release-iphoneos/Cartography/Cartography.framework"; sourceTree = "<group>"; };
		8BBAD5EE1DBA3C2C00ED4614 /* FlickrKit.framework */ = {isa = PBXFileReference; lastKnownFileType = wrapper.framework; name = FlickrKit.framework; path = "Pods/../build/Release-iphoneos/FlickrKit/FlickrKit.framework"; sourceTree = "<group>"; };
		8BCF7EE91DC0BBE0009978F5 /* WeatherDatastore.swift */ = {isa = PBXFileReference; fileEncoding = 4; lastKnownFileType = sourcecode.swift; path = WeatherDatastore.swift; sourceTree = "<group>"; };
		8BDEC17B1DBE9D5900068188 /* WeatherDayForecastView.swift */ = {isa = PBXFileReference; fileEncoding = 4; lastKnownFileType = sourcecode.swift; path = WeatherDayForecastView.swift; sourceTree = "<group>"; };
		8BE3E27C1DBE012700045C95 /* CurrentWeatherViewHeader.swift */ = {isa = PBXFileReference; fileEncoding = 4; lastKnownFileType = sourcecode.swift; path = CurrentWeatherViewHeader.swift; sourceTree = "<group>"; };
		8BE9605D1DBF44F30064153F /* FlickrDatastore.swift */ = {isa = PBXFileReference; fileEncoding = 4; lastKnownFileType = sourcecode.swift; path = FlickrDatastore.swift; sourceTree = "<group>"; };
		8BECEE401DBFF44A00F31A43 /* LocationDatastore.swift */ = {isa = PBXFileReference; fileEncoding = 4; lastKnownFileType = sourcecode.swift; path = LocationDatastore.swift; sourceTree = "<group>"; };
		8BEE9E9A1DC0AEB0009094D0 /* WeatherCondition.swift */ = {isa = PBXFileReference; fileEncoding = 4; lastKnownFileType = sourcecode.swift; path = WeatherCondition.swift; sourceTree = "<group>"; };
/* End PBXFileReference section */

/* Begin PBXFrameworksBuildPhase section */
		8BB068AB1DBA332C0008ED5E /* Frameworks */ = {
			isa = PBXFrameworksBuildPhase;
			buildActionMask = 2147483647;
			files = (
				99545AF6D775D6FEFBD4ECF4 /* Pods_PrettyWeather.framework in Frameworks */,
			);
			runOnlyForDeploymentPostprocessing = 0;
		};
		8BB068C21DBA332C0008ED5E /* Frameworks */ = {
			isa = PBXFrameworksBuildPhase;
			buildActionMask = 2147483647;
			files = (
			);
			runOnlyForDeploymentPostprocessing = 0;
		};
/* End PBXFrameworksBuildPhase section */

/* Begin PBXGroup section */
		1D3ECAD43A89088E28C77065 /* Pods */ = {
			isa = PBXGroup;
			children = (
				852164004CBC424CF9A62B91 /* Pods-PrettyWeather.debug.xcconfig */,
				60548ABA08B8CBAB89216E60 /* Pods-PrettyWeather.release.xcconfig */,
			);
			name = Pods;
			sourceTree = "<group>";
		};
		837DA3EECFF51DFCEC15EB88 /* Frameworks */ = {
			isa = PBXGroup;
			children = (
				8BBAD5EE1DBA3C2C00ED4614 /* FlickrKit.framework */,
				8BBAD5EC1DBA3C2000ED4614 /* Cartography.framework */,
				00F230FC103162473B5F9D68 /* Pods_PrettyWeather.framework */,
			);
			name = Frameworks;
			sourceTree = "<group>";
		};
		8BB068A51DBA332C0008ED5E = {
			isa = PBXGroup;
			children = (
				8BB068B01DBA332C0008ED5E /* PrettyWeather */,
				8BB068C81DBA332C0008ED5E /* PrettyWeatherTests */,
				8BB068AF1DBA332C0008ED5E /* Products */,
				1D3ECAD43A89088E28C77065 /* Pods */,
				837DA3EECFF51DFCEC15EB88 /* Frameworks */,
			);
			sourceTree = "<group>";
		};
		8BB068AF1DBA332C0008ED5E /* Products */ = {
			isa = PBXGroup;
			children = (
				8BB068AE1DBA332C0008ED5E /* PrettyWeather.app */,
				8BB068C51DBA332C0008ED5E /* PrettyWeatherTests.xctest */,
			);
			name = Products;
			sourceTree = "<group>";
		};
		8BB068B01DBA332C0008ED5E /* PrettyWeather */ = {
			isa = PBXGroup;
			children = (
				8BB068B11DBA332C0008ED5E /* AppDelegate.swift */,
				8BB068D41DBA33F50008ED5E /* PrettyWeatherViewController.swift */,
				8B100E1A1DD08E3600E1D980 /* CurrentWeatherViewIcon.swift */,
				8BE3E27C1DBE012700045C95 /* CurrentWeatherViewHeader.swift */,
				8B9C95C41DCCA6FB000A5457 /* CurrentWeatherViewBody.swift */,
				8B7A7DBA1DBE118600B9295B /* WeatherHourlyForcastView.swift */,
				8B9C95C61DCCA893000A5457 /* CurrentWeatherViewFooter.swift */,
				8B4840551DBE442500B96BFD /* WeatherHourForecastView.swift */,
				8B7A7DBC1DBE11F000B9295B /* WeatherDaysForcastView.swift */,
				8BDEC17B1DBE9D5900068188 /* WeatherDayForecastView.swift */,
				8B69B51F1DD3BDF7007BEBDB /* ForecastUpdateView.swift */,
				8BB068B31DBA332C0008ED5E /* ViewController.swift */,
				8BB068B51DBA332C0008ED5E /* Main.storyboard */,
				8BB068BB1DBA332C0008ED5E /* Assets.xcassets */,
				8BB068BD1DBA332C0008ED5E /* LaunchScreen.storyboard */,
				8BB068C01DBA332C0008ED5E /* Info.plist */,
				8BB068B81DBA332C0008ED5E /* PrettyWeather.xcdatamodeld */,
				8BE9605D1DBF44F30064153F /* FlickrDatastore.swift */,
				8BECEE401DBFF44A00F31A43 /* LocationDatastore.swift */,
				8BEE9E9A1DC0AEB0009094D0 /* WeatherCondition.swift */,
				8BCF7EE91DC0BBE0009978F5 /* WeatherDatastore.swift */,
				8B07A10F1DD9CCF000E0EB36 /* PrettyWeatherActivityIndicatorView.swift */,
			);
			path = PrettyWeather;
			sourceTree = "<group>";
		};
		8BB068C81DBA332C0008ED5E /* PrettyWeatherTests */ = {
			isa = PBXGroup;
			children = (
				8BB068C91DBA332C0008ED5E /* PrettyWeatherTests.swift */,
				8BB068CB1DBA332C0008ED5E /* Info.plist */,
			);
			path = PrettyWeatherTests;
			sourceTree = "<group>";
		};
/* End PBXGroup section */

/* Begin PBXNativeTarget section */
		8BB068AD1DBA332C0008ED5E /* PrettyWeather */ = {
			isa = PBXNativeTarget;
			buildConfigurationList = 8BB068CE1DBA332C0008ED5E /* Build configuration list for PBXNativeTarget "PrettyWeather" */;
			buildPhases = (
				748DF6987C5CE469BD9CA608 /* [CP] Check Pods Manifest.lock */,
				8BB068AA1DBA332C0008ED5E /* Sources */,
				8BB068AB1DBA332C0008ED5E /* Frameworks */,
				8BB068AC1DBA332C0008ED5E /* Resources */,
				346F4E8A26EBBA86ACC368ED /* [CP] Embed Pods Frameworks */,
				F07A0C350293EDF26F07C4FF /* [CP] Copy Pods Resources */,
			);
			buildRules = (
			);
			dependencies = (
			);
			name = PrettyWeather;
			productName = PrettyWeather;
			productReference = 8BB068AE1DBA332C0008ED5E /* PrettyWeather.app */;
			productType = "com.apple.product-type.application";
		};
		8BB068C41DBA332C0008ED5E /* PrettyWeatherTests */ = {
			isa = PBXNativeTarget;
			buildConfigurationList = 8BB068D11DBA332C0008ED5E /* Build configuration list for PBXNativeTarget "PrettyWeatherTests" */;
			buildPhases = (
				8BB068C11DBA332C0008ED5E /* Sources */,
				8BB068C21DBA332C0008ED5E /* Frameworks */,
				8BB068C31DBA332C0008ED5E /* Resources */,
			);
			buildRules = (
			);
			dependencies = (
				8BB068C71DBA332C0008ED5E /* PBXTargetDependency */,
			);
			name = PrettyWeatherTests;
			productName = PrettyWeatherTests;
			productReference = 8BB068C51DBA332C0008ED5E /* PrettyWeatherTests.xctest */;
			productType = "com.apple.product-type.bundle.unit-test";
		};
/* End PBXNativeTarget section */

/* Begin PBXProject section */
		8BB068A61DBA332C0008ED5E /* Project object */ = {
			isa = PBXProject;
			attributes = {
				LastSwiftUpdateCheck = 0800;
				LastUpgradeCheck = 0800;
				ORGANIZATIONNAME = "Gosia Szpak";
				TargetAttributes = {
					8BB068AD1DBA332C0008ED5E = {
						CreatedOnToolsVersion = 8.0;
						ProvisioningStyle = Automatic;
					};
					8BB068C41DBA332C0008ED5E = {
						CreatedOnToolsVersion = 8.0;
						ProvisioningStyle = Automatic;
						TestTargetID = 8BB068AD1DBA332C0008ED5E;
					};
				};
			};
			buildConfigurationList = 8BB068A91DBA332C0008ED5E /* Build configuration list for PBXProject "PrettyWeather" */;
			compatibilityVersion = "Xcode 3.2";
			developmentRegion = English;
			hasScannedForEncodings = 0;
			knownRegions = (
				en,
				Base,
			);
			mainGroup = 8BB068A51DBA332C0008ED5E;
			productRefGroup = 8BB068AF1DBA332C0008ED5E /* Products */;
			projectDirPath = "";
			projectRoot = "";
			targets = (
				8BB068AD1DBA332C0008ED5E /* PrettyWeather */,
				8BB068C41DBA332C0008ED5E /* PrettyWeatherTests */,
			);
		};
/* End PBXProject section */

/* Begin PBXResourcesBuildPhase section */
		8BB068AC1DBA332C0008ED5E /* Resources */ = {
			isa = PBXResourcesBuildPhase;
			buildActionMask = 2147483647;
			files = (
				8BB068BF1DBA332C0008ED5E /* LaunchScreen.storyboard in Resources */,
				8BB068BC1DBA332C0008ED5E /* Assets.xcassets in Resources */,
				8BB068B71DBA332C0008ED5E /* Main.storyboard in Resources */,
			);
			runOnlyForDeploymentPostprocessing = 0;
		};
		8BB068C31DBA332C0008ED5E /* Resources */ = {
			isa = PBXResourcesBuildPhase;
			buildActionMask = 2147483647;
			files = (
			);
			runOnlyForDeploymentPostprocessing = 0;
		};
/* End PBXResourcesBuildPhase section */

/* Begin PBXShellScriptBuildPhase section */
		346F4E8A26EBBA86ACC368ED /* [CP] Embed Pods Frameworks */ = {
			isa = PBXShellScriptBuildPhase;
			buildActionMask = 2147483647;
			files = (
			);
			inputPaths = (
			);
			name = "[CP] Embed Pods Frameworks";
			outputPaths = (
			);
			runOnlyForDeploymentPostprocessing = 0;
			shellPath = /bin/sh;
			shellScript = "\"${SRCROOT}/Pods/Target Support Files/Pods-PrettyWeather/Pods-PrettyWeather-frameworks.sh\"\n";
			showEnvVarsInLog = 0;
		};
		748DF6987C5CE469BD9CA608 /* [CP] Check Pods Manifest.lock */ = {
			isa = PBXShellScriptBuildPhase;
			buildActionMask = 2147483647;
			files = (
			);
			inputPaths = (
			);
			name = "[CP] Check Pods Manifest.lock";
			outputPaths = (
			);
			runOnlyForDeploymentPostprocessing = 0;
			shellPath = /bin/sh;
			shellScript = "diff \"${PODS_ROOT}/../Podfile.lock\" \"${PODS_ROOT}/Manifest.lock\" > /dev/null\nif [ $? != 0 ] ; then\n    # print error to STDERR\n    echo \"error: The sandbox is not in sync with the Podfile.lock. Run 'pod install' or update your CocoaPods installation.\" >&2\n    exit 1\nfi\n";
			showEnvVarsInLog = 0;
		};
		F07A0C350293EDF26F07C4FF /* [CP] Copy Pods Resources */ = {
			isa = PBXShellScriptBuildPhase;
			buildActionMask = 2147483647;
			files = (
			);
			inputPaths = (
			);
			name = "[CP] Copy Pods Resources";
			outputPaths = (
			);
			runOnlyForDeploymentPostprocessing = 0;
			shellPath = /bin/sh;
			shellScript = "\"${SRCROOT}/Pods/Target Support Files/Pods-PrettyWeather/Pods-PrettyWeather-resources.sh\"\n";
			showEnvVarsInLog = 0;
		};
/* End PBXShellScriptBuildPhase section */

/* Begin PBXSourcesBuildPhase section */
		8BB068AA1DBA332C0008ED5E /* Sources */ = {
			isa = PBXSourcesBuildPhase;
			buildActionMask = 2147483647;
			files = (
				8BCF7EEA1DC0BBE0009978F5 /* WeatherDatastore.swift in Sources */,
				8B4840561DBE442500B96BFD /* WeatherHourForecastView.swift in Sources */,
				8B7A7DBB1DBE118600B9295B /* WeatherHourlyForcastView.swift in Sources */,
				8B9C95C51DCCA6FB000A5457 /* CurrentWeatherViewBody.swift in Sources */,
				8BB068B41DBA332C0008ED5E /* ViewController.swift in Sources */,
				8B100E1B1DD08E3600E1D980 /* CurrentWeatherViewIcon.swift in Sources */,
				8B69B5201DD3BDF7007BEBDB /* ForecastUpdateView.swift in Sources */,
				8BECEE411DBFF44A00F31A43 /* LocationDatastore.swift in Sources */,
				8B9C95C71DCCA893000A5457 /* CurrentWeatherViewFooter.swift in Sources */,
				8B07A1101DD9CCF000E0EB36 /* PrettyWeatherActivityIndicatorView.swift in Sources */,
				8BEE9E9B1DC0AEB0009094D0 /* WeatherCondition.swift in Sources */,
				8BB068D51DBA33F50008ED5E /* PrettyWeatherViewController.swift in Sources */,
				8BE9605E1DBF44F30064153F /* FlickrDatastore.swift in Sources */,
				8BB068B21DBA332C0008ED5E /* AppDelegate.swift in Sources */,
				8B7A7DBD1DBE11F000B9295B /* WeatherDaysForcastView.swift in Sources */,
				8BE3E27D1DBE012700045C95 /* CurrentWeatherViewHeader.swift in Sources */,
				8BB068BA1DBA332C0008ED5E /* PrettyWeather.xcdatamodeld in Sources */,
				8BDEC17C1DBE9D5900068188 /* WeatherDayForecastView.swift in Sources */,
			);
			runOnlyForDeploymentPostprocessing = 0;
		};
		8BB068C11DBA332C0008ED5E /* Sources */ = {
			isa = PBXSourcesBuildPhase;
			buildActionMask = 2147483647;
			files = (
				8BB068CA1DBA332C0008ED5E /* PrettyWeatherTests.swift in Sources */,
			);
			runOnlyForDeploymentPostprocessing = 0;
		};
/* End PBXSourcesBuildPhase section */

/* Begin PBXTargetDependency section */
		8BB068C71DBA332C0008ED5E /* PBXTargetDependency */ = {
			isa = PBXTargetDependency;
			target = 8BB068AD1DBA332C0008ED5E /* PrettyWeather */;
			targetProxy = 8BB068C61DBA332C0008ED5E /* PBXContainerItemProxy */;
		};
/* End PBXTargetDependency section */

/* Begin PBXVariantGroup section */
		8BB068B51DBA332C0008ED5E /* Main.storyboard */ = {
			isa = PBXVariantGroup;
			children = (
				8BB068B61DBA332C0008ED5E /* Base */,
			);
			name = Main.storyboard;
			sourceTree = "<group>";
		};
		8BB068BD1DBA332C0008ED5E /* LaunchScreen.storyboard */ = {
			isa = PBXVariantGroup;
			children = (
				8BB068BE1DBA332C0008ED5E /* Base */,
			);
			name = LaunchScreen.storyboard;
			sourceTree = "<group>";
		};
/* End PBXVariantGroup section */

/* Begin XCBuildConfiguration section */
		8BB068CC1DBA332C0008ED5E /* Debug */ = {
			isa = XCBuildConfiguration;
			buildSettings = {
				ALWAYS_SEARCH_USER_PATHS = NO;
				CLANG_ANALYZER_NONNULL = YES;
				CLANG_CXX_LANGUAGE_STANDARD = "gnu++0x";
				CLANG_CXX_LIBRARY = "libc++";
				CLANG_ENABLE_MODULES = YES;
				CLANG_ENABLE_OBJC_ARC = YES;
				CLANG_WARN_BOOL_CONVERSION = YES;
				CLANG_WARN_CONSTANT_CONVERSION = YES;
				CLANG_WARN_DIRECT_OBJC_ISA_USAGE = YES_ERROR;
				CLANG_WARN_DOCUMENTATION_COMMENTS = YES;
				CLANG_WARN_EMPTY_BODY = YES;
				CLANG_WARN_ENUM_CONVERSION = YES;
				CLANG_WARN_INFINITE_RECURSION = YES;
				CLANG_WARN_INT_CONVERSION = YES;
				CLANG_WARN_OBJC_ROOT_CLASS = YES_ERROR;
				CLANG_WARN_SUSPICIOUS_MOVES = YES;
				CLANG_WARN_UNREACHABLE_CODE = YES;
				CLANG_WARN__DUPLICATE_METHOD_MATCH = YES;
				"CODE_SIGN_IDENTITY[sdk=iphoneos*]" = "iPhone Developer";
				COPY_PHASE_STRIP = NO;
				DEBUG_INFORMATION_FORMAT = dwarf;
				ENABLE_STRICT_OBJC_MSGSEND = YES;
				ENABLE_TESTABILITY = YES;
				GCC_C_LANGUAGE_STANDARD = gnu99;
				GCC_DYNAMIC_NO_PIC = NO;
				GCC_NO_COMMON_BLOCKS = YES;
				GCC_OPTIMIZATION_LEVEL = 0;
				GCC_PREPROCESSOR_DEFINITIONS = (
					"DEBUG=1",
					"$(inherited)",
				);
				GCC_WARN_64_TO_32_BIT_CONVERSION = YES;
				GCC_WARN_ABOUT_RETURN_TYPE = YES_ERROR;
				GCC_WARN_UNDECLARED_SELECTOR = YES;
				GCC_WARN_UNINITIALIZED_AUTOS = YES_AGGRESSIVE;
				GCC_WARN_UNUSED_FUNCTION = YES;
				GCC_WARN_UNUSED_VARIABLE = YES;
				IPHONEOS_DEPLOYMENT_TARGET = 9.3;
				MTL_ENABLE_DEBUG_INFO = YES;
				ONLY_ACTIVE_ARCH = YES;
				SDKROOT = iphoneos;
				SWIFT_ACTIVE_COMPILATION_CONDITIONS = DEBUG;
				SWIFT_OPTIMIZATION_LEVEL = "-Onone";
				TARGETED_DEVICE_FAMILY = "1,2";
			};
			name = Debug;
		};
		8BB068CD1DBA332C0008ED5E /* Release */ = {
			isa = XCBuildConfiguration;
			buildSettings = {
				ALWAYS_SEARCH_USER_PATHS = NO;
				CLANG_ANALYZER_NONNULL = YES;
				CLANG_CXX_LANGUAGE_STANDARD = "gnu++0x";
				CLANG_CXX_LIBRARY = "libc++";
				CLANG_ENABLE_MODULES = YES;
				CLANG_ENABLE_OBJC_ARC = YES;
				CLANG_WARN_BOOL_CONVERSION = YES;
				CLANG_WARN_CONSTANT_CONVERSION = YES;
				CLANG_WARN_DIRECT_OBJC_ISA_USAGE = YES_ERROR;
				CLANG_WARN_DOCUMENTATION_COMMENTS = YES;
				CLANG_WARN_EMPTY_BODY = YES;
				CLANG_WARN_ENUM_CONVERSION = YES;
				CLANG_WARN_INFINITE_RECURSION = YES;
				CLANG_WARN_INT_CONVERSION = YES;
				CLANG_WARN_OBJC_ROOT_CLASS = YES_ERROR;
				CLANG_WARN_SUSPICIOUS_MOVES = YES;
				CLANG_WARN_UNREACHABLE_CODE = YES;
				CLANG_WARN__DUPLICATE_METHOD_MATCH = YES;
				"CODE_SIGN_IDENTITY[sdk=iphoneos*]" = "iPhone Developer";
				COPY_PHASE_STRIP = NO;
				DEBUG_INFORMATION_FORMAT = "dwarf-with-dsym";
				ENABLE_NS_ASSERTIONS = NO;
				ENABLE_STRICT_OBJC_MSGSEND = YES;
				GCC_C_LANGUAGE_STANDARD = gnu99;
				GCC_NO_COMMON_BLOCKS = YES;
				GCC_WARN_64_TO_32_BIT_CONVERSION = YES;
				GCC_WARN_ABOUT_RETURN_TYPE = YES_ERROR;
				GCC_WARN_UNDECLARED_SELECTOR = YES;
				GCC_WARN_UNINITIALIZED_AUTOS = YES_AGGRESSIVE;
				GCC_WARN_UNUSED_FUNCTION = YES;
				GCC_WARN_UNUSED_VARIABLE = YES;
				IPHONEOS_DEPLOYMENT_TARGET = 9.3;
				MTL_ENABLE_DEBUG_INFO = NO;
				SDKROOT = iphoneos;
				SWIFT_OPTIMIZATION_LEVEL = "-Owholemodule";
				TARGETED_DEVICE_FAMILY = "1,2";
				VALIDATE_PRODUCT = YES;
			};
			name = Release;
		};
		8BB068CF1DBA332C0008ED5E /* Debug */ = {
			isa = XCBuildConfiguration;
			baseConfigurationReference = 852164004CBC424CF9A62B91 /* Pods-PrettyWeather.debug.xcconfig */;
			buildSettings = {
				ASSETCATALOG_COMPILER_APPICON_NAME = AppIcon;
				FRAMEWORK_SEARCH_PATHS = (
					"$(inherited)",
					"$(PROJECT_DIR)/build/Release-iphoneos/Cartography",
					"$(PROJECT_DIR)/build/Release-iphoneos/FlickrKit",
				);
				INFOPLIST_FILE = PrettyWeather/Info.plist;
				IPHONEOS_DEPLOYMENT_TARGET = 9.3;
				LD_RUNPATH_SEARCH_PATHS = "$(inherited) @executable_path/Frameworks";
				PRODUCT_BUNDLE_IDENTIFIER = test.PrettyWeather;
				PRODUCT_NAME = "$(TARGET_NAME)";
				SWIFT_VERSION = 3.0;
			};
			name = Debug;
		};
		8BB068D01DBA332C0008ED5E /* Release */ = {
			isa = XCBuildConfiguration;
			baseConfigurationReference = 60548ABA08B8CBAB89216E60 /* Pods-PrettyWeather.release.xcconfig */;
			buildSettings = {
				ASSETCATALOG_COMPILER_APPICON_NAME = AppIcon;
				FRAMEWORK_SEARCH_PATHS = (
					"$(inherited)",
					"$(PROJECT_DIR)/build/Release-iphoneos/Cartography",
					"$(PROJECT_DIR)/build/Release-iphoneos/FlickrKit",
				);
				INFOPLIST_FILE = PrettyWeather/Info.plist;
				IPHONEOS_DEPLOYMENT_TARGET = 9.3;
				LD_RUNPATH_SEARCH_PATHS = "$(inherited) @executable_path/Frameworks";
				PRODUCT_BUNDLE_IDENTIFIER = test.PrettyWeather;
				PRODUCT_NAME = "$(TARGET_NAME)";
				SWIFT_VERSION = 3.0;
			};
			name = Release;
		};
		8BB068D21DBA332C0008ED5E /* Debug */ = {
			isa = XCBuildConfiguration;
			buildSettings = {
				ALWAYS_EMBED_SWIFT_STANDARD_LIBRARIES = YES;
				BUNDLE_LOADER = "$(TEST_HOST)";
				INFOPLIST_FILE = PrettyWeatherTests/Info.plist;
				LD_RUNPATH_SEARCH_PATHS = "$(inherited) @executable_path/Frameworks @loader_path/Frameworks";
				PRODUCT_BUNDLE_IDENTIFIER = test.PrettyWeatherTests;
				PRODUCT_NAME = "$(TARGET_NAME)";
				SWIFT_VERSION = 3.0;
				TEST_HOST = "$(BUILT_PRODUCTS_DIR)/PrettyWeather.app/PrettyWeather";
			};
			name = Debug;
		};
		8BB068D31DBA332C0008ED5E /* Release */ = {
			isa = XCBuildConfiguration;
			buildSettings = {
				ALWAYS_EMBED_SWIFT_STANDARD_LIBRARIES = YES;
				BUNDLE_LOADER = "$(TEST_HOST)";
				INFOPLIST_FILE = PrettyWeatherTests/Info.plist;
				LD_RUNPATH_SEARCH_PATHS = "$(inherited) @executable_path/Frameworks @loader_path/Frameworks";
				PRODUCT_BUNDLE_IDENTIFIER = test.PrettyWeatherTests;
				PRODUCT_NAME = "$(TARGET_NAME)";
				SWIFT_VERSION = 3.0;
				TEST_HOST = "$(BUILT_PRODUCTS_DIR)/PrettyWeather.app/PrettyWeather";
			};
			name = Release;
		};
/* End XCBuildConfiguration section */

/* Begin XCConfigurationList section */
		8BB068A91DBA332C0008ED5E /* Build configuration list for PBXProject "PrettyWeather" */ = {
			isa = XCConfigurationList;
			buildConfigurations = (
				8BB068CC1DBA332C0008ED5E /* Debug */,
				8BB068CD1DBA332C0008ED5E /* Release */,
			);
			defaultConfigurationIsVisible = 0;
			defaultConfigurationName = Release;
		};
		8BB068CE1DBA332C0008ED5E /* Build configuration list for PBXNativeTarget "PrettyWeather" */ = {
			isa = XCConfigurationList;
			buildConfigurations = (
				8BB068CF1DBA332C0008ED5E /* Debug */,
				8BB068D01DBA332C0008ED5E /* Release */,
			);
			defaultConfigurationIsVisible = 0;
			defaultConfigurationName = Release;
		};
		8BB068D11DBA332C0008ED5E /* Build configuration list for PBXNativeTarget "PrettyWeatherTests" */ = {
			isa = XCConfigurationList;
			buildConfigurations = (
				8BB068D21DBA332C0008ED5E /* Debug */,
				8BB068D31DBA332C0008ED5E /* Release */,
			);
			defaultConfigurationIsVisible = 0;
			defaultConfigurationName = Release;
		};
/* End XCConfigurationList section */

/* Begin XCVersionGroup section */
		8BB068B81DBA332C0008ED5E /* PrettyWeather.xcdatamodeld */ = {
			isa = XCVersionGroup;
			children = (
				8BB068B91DBA332C0008ED5E /* PrettyWeather.xcdatamodel */,
			);
			currentVersion = 8BB068B91DBA332C0008ED5E /* PrettyWeather.xcdatamodel */;
			path = PrettyWeather.xcdatamodeld;
			sourceTree = "<group>";
			versionGroupType = wrapper.xcdatamodel;
		};
/* End XCVersionGroup section */
	};
	rootObject = 8BB068A61DBA332C0008ED5E /* Project object */;
}
